// !$*UTF8*$!
{
	archiveVersion = 1;
	classes = {
	};
	objectVersion = 50;
	objects = {

/* Begin PBXBuildFile section */
		1CA93B3B21805BFF00472E9A /* AppDelegate.m in Sources */ = {isa = PBXBuildFile; fileRef = 1CA93B3A21805BFF00472E9A /* AppDelegate.m */; };
		1CA93B3E21805BFF00472E9A /* ViewController.m in Sources */ = {isa = PBXBuildFile; fileRef = 1CA93B3D21805BFF00472E9A /* ViewController.m */; };
		1CA93B4121805BFF00472E9A /* Main.storyboard in Resources */ = {isa = PBXBuildFile; fileRef = 1CA93B3F21805BFF00472E9A /* Main.storyboard */; };
		1CA93B4321805C0100472E9A /* Assets.xcassets in Resources */ = {isa = PBXBuildFile; fileRef = 1CA93B4221805C0000472E9A /* Assets.xcassets */; };
		1CA93B4621805C0100472E9A /* LaunchScreen.storyboard in Resources */ = {isa = PBXBuildFile; fileRef = 1CA93B4421805C0100472E9A /* LaunchScreen.storyboard */; };
		1CA93B4921805C0100472E9A /* main.m in Sources */ = {isa = PBXBuildFile; fileRef = 1CA93B4821805C0100472E9A /* main.m */; };
		1CA93B5321805C0100472E9A /* NoNameTests.m in Sources */ = {isa = PBXBuildFile; fileRef = 1CA93B5221805C0100472E9A /* NoNameTests.m */; };
		1CA93B5E21805C0100472E9A /* NoNameUITests.m in Sources */ = {isa = PBXBuildFile; fileRef = 1CA93B5D21805C0100472E9A /* NoNameUITests.m */; };
		1CA93B74218063F600472E9A /* BaseViewController.m in Sources */ = {isa = PBXBuildFile; fileRef = 1CA93B73218063F600472E9A /* BaseViewController.m */; };
		1CA93B7B2182BE6200472E9A /* BaseNavVC.m in Sources */ = {isa = PBXBuildFile; fileRef = 1CA93B7A2182BE6200472E9A /* BaseNavVC.m */; };
		1CA93B802182BEEC00472E9A /* NNShopVC.m in Sources */ = {isa = PBXBuildFile; fileRef = 1CA93B7F2182BEEC00472E9A /* NNShopVC.m */; };
		1CA93B832182BF0300472E9A /* NNVideoVC.m in Sources */ = {isa = PBXBuildFile; fileRef = 1CA93B822182BF0300472E9A /* NNVideoVC.m */; };
		1CA93B862182BF1300472E9A /* NNMineVC.m in Sources */ = {isa = PBXBuildFile; fileRef = 1CA93B852182BF1300472E9A /* NNMineVC.m */; };
		1CA93B892182BF2300472E9A /* NNChatVC.m in Sources */ = {isa = PBXBuildFile; fileRef = 1CA93B882182BF2300472E9A /* NNChatVC.m */; };
		1CA93B902182C3AC00472E9A /* NNRDVTabbarVC.m in Sources */ = {isa = PBXBuildFile; fileRef = 1CA93B8F2182C3AC00472E9A /* NNRDVTabbarVC.m */; };
		1CA93B992183112700472E9A /* NNRequest.m in Sources */ = {isa = PBXBuildFile; fileRef = 1CA93B982183112700472E9A /* NNRequest.m */; };
		1CA93B9C2183116700472E9A /* NNTableViewController.m in Sources */ = {isa = PBXBuildFile; fileRef = 1CA93B9B2183116700472E9A /* NNTableViewController.m */; };
		1CA93B9F2183168E00472E9A /* NNTableViewCell.m in Sources */ = {isa = PBXBuildFile; fileRef = 1CA93B9E2183168E00472E9A /* NNTableViewCell.m */; };
		30F2D98E5F2C327D36E5823C /* libPods-NoNameTests.a in Frameworks */ = {isa = PBXBuildFile; fileRef = 5CA82CC9F0FAF3E5E0CD5C40 /* libPods-NoNameTests.a */; };
		94665943CFAC0AF6515B6D48 /* libPods-NoNameUITests.a in Frameworks */ = {isa = PBXBuildFile; fileRef = 6F9F2019F5DE486493AF4B09 /* libPods-NoNameUITests.a */; };
		D302479522DA66DD08BAAB9B /* libPods-NoName.a in Frameworks */ = {isa = PBXBuildFile; fileRef = B6B4FABAC5079AE51456F050 /* libPods-NoName.a */; };
/* End PBXBuildFile section */

/* Begin PBXContainerItemProxy section */
		1CA93B4F21805C0100472E9A /* PBXContainerItemProxy */ = {
			isa = PBXContainerItemProxy;
			containerPortal = 1CA93B2E21805BFF00472E9A /* Project object */;
			proxyType = 1;
			remoteGlobalIDString = 1CA93B3521805BFF00472E9A;
			remoteInfo = NoName;
		};
		1CA93B5A21805C0100472E9A /* PBXContainerItemProxy */ = {
			isa = PBXContainerItemProxy;
			containerPortal = 1CA93B2E21805BFF00472E9A /* Project object */;
			proxyType = 1;
			remoteGlobalIDString = 1CA93B3521805BFF00472E9A;
			remoteInfo = NoName;
		};
/* End PBXContainerItemProxy section */

/* Begin PBXFileReference section */
		0A05CECC075D1664BFD927FA /* Pods-NoNameUITests.debug.xcconfig */ = {isa = PBXFileReference; includeInIndex = 1; lastKnownFileType = text.xcconfig; name = "Pods-NoNameUITests.debug.xcconfig"; path = "Pods/Target Support Files/Pods-NoNameUITests/Pods-NoNameUITests.debug.xcconfig"; sourceTree = "<group>"; };
		149B0955CF3400E025035A01 /* Pods-NoNameTests.debug.xcconfig */ = {isa = PBXFileReference; includeInIndex = 1; lastKnownFileType = text.xcconfig; name = "Pods-NoNameTests.debug.xcconfig"; path = "Pods/Target Support Files/Pods-NoNameTests/Pods-NoNameTests.debug.xcconfig"; sourceTree = "<group>"; };
		1CA93B3621805BFF00472E9A /* NoName.app */ = {isa = PBXFileReference; explicitFileType = wrapper.application; includeInIndex = 0; path = NoName.app; sourceTree = BUILT_PRODUCTS_DIR; };
		1CA93B3921805BFF00472E9A /* AppDelegate.h */ = {isa = PBXFileReference; lastKnownFileType = sourcecode.c.h; path = AppDelegate.h; sourceTree = "<group>"; };
		1CA93B3A21805BFF00472E9A /* AppDelegate.m */ = {isa = PBXFileReference; lastKnownFileType = sourcecode.c.objc; path = AppDelegate.m; sourceTree = "<group>"; };
		1CA93B3C21805BFF00472E9A /* ViewController.h */ = {isa = PBXFileReference; lastKnownFileType = sourcecode.c.h; path = ViewController.h; sourceTree = "<group>"; };
		1CA93B3D21805BFF00472E9A /* ViewController.m */ = {isa = PBXFileReference; lastKnownFileType = sourcecode.c.objc; path = ViewController.m; sourceTree = "<group>"; };
		1CA93B4021805BFF00472E9A /* Base */ = {isa = PBXFileReference; lastKnownFileType = file.storyboard; name = Base; path = Base.lproj/Main.storyboard; sourceTree = "<group>"; };
		1CA93B4221805C0000472E9A /* Assets.xcassets */ = {isa = PBXFileReference; lastKnownFileType = folder.assetcatalog; path = Assets.xcassets; sourceTree = "<group>"; };
		1CA93B4521805C0100472E9A /* Base */ = {isa = PBXFileReference; lastKnownFileType = file.storyboard; name = Base; path = Base.lproj/LaunchScreen.storyboard; sourceTree = "<group>"; };
		1CA93B4721805C0100472E9A /* Info.plist */ = {isa = PBXFileReference; lastKnownFileType = text.plist.xml; path = Info.plist; sourceTree = "<group>"; };
		1CA93B4821805C0100472E9A /* main.m */ = {isa = PBXFileReference; lastKnownFileType = sourcecode.c.objc; path = main.m; sourceTree = "<group>"; };
		1CA93B4E21805C0100472E9A /* NoNameTests.xctest */ = {isa = PBXFileReference; explicitFileType = wrapper.cfbundle; includeInIndex = 0; path = NoNameTests.xctest; sourceTree = BUILT_PRODUCTS_DIR; };
		1CA93B5221805C0100472E9A /* NoNameTests.m */ = {isa = PBXFileReference; lastKnownFileType = sourcecode.c.objc; path = NoNameTests.m; sourceTree = "<group>"; };
		1CA93B5421805C0100472E9A /* Info.plist */ = {isa = PBXFileReference; lastKnownFileType = text.plist.xml; path = Info.plist; sourceTree = "<group>"; };
		1CA93B5921805C0100472E9A /* NoNameUITests.xctest */ = {isa = PBXFileReference; explicitFileType = wrapper.cfbundle; includeInIndex = 0; path = NoNameUITests.xctest; sourceTree = BUILT_PRODUCTS_DIR; };
		1CA93B5D21805C0100472E9A /* NoNameUITests.m */ = {isa = PBXFileReference; lastKnownFileType = sourcecode.c.objc; path = NoNameUITests.m; sourceTree = "<group>"; };
		1CA93B5F21805C0100472E9A /* Info.plist */ = {isa = PBXFileReference; lastKnownFileType = text.plist.xml; path = Info.plist; sourceTree = "<group>"; };
		1CA93B72218063F600472E9A /* BaseViewController.h */ = {isa = PBXFileReference; lastKnownFileType = sourcecode.c.h; path = BaseViewController.h; sourceTree = "<group>"; };
		1CA93B73218063F600472E9A /* BaseViewController.m */ = {isa = PBXFileReference; lastKnownFileType = sourcecode.c.objc; path = BaseViewController.m; sourceTree = "<group>"; };
		1CA93B792182BE6200472E9A /* BaseNavVC.h */ = {isa = PBXFileReference; lastKnownFileType = sourcecode.c.h; path = BaseNavVC.h; sourceTree = "<group>"; };
		1CA93B7A2182BE6200472E9A /* BaseNavVC.m */ = {isa = PBXFileReference; lastKnownFileType = sourcecode.c.objc; path = BaseNavVC.m; sourceTree = "<group>"; };
		1CA93B7E2182BEEC00472E9A /* NNShopVC.h */ = {isa = PBXFileReference; lastKnownFileType = sourcecode.c.h; path = NNShopVC.h; sourceTree = "<group>"; };
		1CA93B7F2182BEEC00472E9A /* NNShopVC.m */ = {isa = PBXFileReference; lastKnownFileType = sourcecode.c.objc; path = NNShopVC.m; sourceTree = "<group>"; };
		1CA93B812182BF0300472E9A /* NNVideoVC.h */ = {isa = PBXFileReference; lastKnownFileType = sourcecode.c.h; path = NNVideoVC.h; sourceTree = "<group>"; };
		1CA93B822182BF0300472E9A /* NNVideoVC.m */ = {isa = PBXFileReference; lastKnownFileType = sourcecode.c.objc; path = NNVideoVC.m; sourceTree = "<group>"; };
		1CA93B842182BF1300472E9A /* NNMineVC.h */ = {isa = PBXFileReference; lastKnownFileType = sourcecode.c.h; path = NNMineVC.h; sourceTree = "<group>"; };
		1CA93B852182BF1300472E9A /* NNMineVC.m */ = {isa = PBXFileReference; lastKnownFileType = sourcecode.c.objc; path = NNMineVC.m; sourceTree = "<group>"; };
		1CA93B872182BF2300472E9A /* NNChatVC.h */ = {isa = PBXFileReference; lastKnownFileType = sourcecode.c.h; path = NNChatVC.h; sourceTree = "<group>"; };
		1CA93B882182BF2300472E9A /* NNChatVC.m */ = {isa = PBXFileReference; lastKnownFileType = sourcecode.c.objc; path = NNChatVC.m; sourceTree = "<group>"; };
		1CA93B8E2182C3AC00472E9A /* NNRDVTabbarVC.h */ = {isa = PBXFileReference; lastKnownFileType = sourcecode.c.h; path = NNRDVTabbarVC.h; sourceTree = "<group>"; };
		1CA93B8F2182C3AC00472E9A /* NNRDVTabbarVC.m */ = {isa = PBXFileReference; lastKnownFileType = sourcecode.c.objc; path = NNRDVTabbarVC.m; sourceTree = "<group>"; };
		1CA93B912182E7C600472E9A /* UIMacro.h */ = {isa = PBXFileReference; lastKnownFileType = sourcecode.c.h; path = UIMacro.h; sourceTree = "<group>"; };
		1CA93B922182E92E00472E9A /* CommonMacro.h */ = {isa = PBXFileReference; lastKnownFileType = sourcecode.c.h; path = CommonMacro.h; sourceTree = "<group>"; };
		1CA93B932182ECDE00472E9A /* NoName-PrefixHeader.pch */ = {isa = PBXFileReference; lastKnownFileType = sourcecode.c.h; path = "NoName-PrefixHeader.pch"; sourceTree = "<group>"; };
		1CA93B972183112700472E9A /* NNRequest.h */ = {isa = PBXFileReference; lastKnownFileType = sourcecode.c.h; path = NNRequest.h; sourceTree = "<group>"; };
		1CA93B982183112700472E9A /* NNRequest.m */ = {isa = PBXFileReference; lastKnownFileType = sourcecode.c.objc; path = NNRequest.m; sourceTree = "<group>"; };
		1CA93B9A2183116700472E9A /* NNTableViewController.h */ = {isa = PBXFileReference; lastKnownFileType = sourcecode.c.h; path = NNTableViewController.h; sourceTree = "<group>"; };
		1CA93B9B2183116700472E9A /* NNTableViewController.m */ = {isa = PBXFileReference; lastKnownFileType = sourcecode.c.objc; path = NNTableViewController.m; sourceTree = "<group>"; };
		1CA93B9D2183168E00472E9A /* NNTableViewCell.h */ = {isa = PBXFileReference; lastKnownFileType = sourcecode.c.h; path = NNTableViewCell.h; sourceTree = "<group>"; };
		1CA93B9E2183168E00472E9A /* NNTableViewCell.m */ = {isa = PBXFileReference; lastKnownFileType = sourcecode.c.objc; path = NNTableViewCell.m; sourceTree = "<group>"; };
		28687B49C1DDF79779CD9D59 /* Pods-NoName.debug.xcconfig */ = {isa = PBXFileReference; includeInIndex = 1; lastKnownFileType = text.xcconfig; name = "Pods-NoName.debug.xcconfig"; path = "Pods/Target Support Files/Pods-NoName/Pods-NoName.debug.xcconfig"; sourceTree = "<group>"; };
		5CA82CC9F0FAF3E5E0CD5C40 /* libPods-NoNameTests.a */ = {isa = PBXFileReference; explicitFileType = archive.ar; includeInIndex = 0; path = "libPods-NoNameTests.a"; sourceTree = BUILT_PRODUCTS_DIR; };
		6A9D1179F478FA8033EFEAA3 /* Pods-NoNameTests.release.xcconfig */ = {isa = PBXFileReference; includeInIndex = 1; lastKnownFileType = text.xcconfig; name = "Pods-NoNameTests.release.xcconfig"; path = "Pods/Target Support Files/Pods-NoNameTests/Pods-NoNameTests.release.xcconfig"; sourceTree = "<group>"; };
		6F9F2019F5DE486493AF4B09 /* libPods-NoNameUITests.a */ = {isa = PBXFileReference; explicitFileType = archive.ar; includeInIndex = 0; path = "libPods-NoNameUITests.a"; sourceTree = BUILT_PRODUCTS_DIR; };
		990E63E0A8F636668D3D3239 /* Pods-NoName.release.xcconfig */ = {isa = PBXFileReference; includeInIndex = 1; lastKnownFileType = text.xcconfig; name = "Pods-NoName.release.xcconfig"; path = "Pods/Target Support Files/Pods-NoName/Pods-NoName.release.xcconfig"; sourceTree = "<group>"; };
		B6B4FABAC5079AE51456F050 /* libPods-NoName.a */ = {isa = PBXFileReference; explicitFileType = archive.ar; includeInIndex = 0; path = "libPods-NoName.a"; sourceTree = BUILT_PRODUCTS_DIR; };
		B9A907C740C847CBEB37F48B /* Pods-NoNameUITests.release.xcconfig */ = {isa = PBXFileReference; includeInIndex = 1; lastKnownFileType = text.xcconfig; name = "Pods-NoNameUITests.release.xcconfig"; path = "Pods/Target Support Files/Pods-NoNameUITests/Pods-NoNameUITests.release.xcconfig"; sourceTree = "<group>"; };
/* End PBXFileReference section */

/* Begin PBXFrameworksBuildPhase section */
		1CA93B3321805BFF00472E9A /* Frameworks */ = {
			isa = PBXFrameworksBuildPhase;
			buildActionMask = 2147483647;
			files = (
				D302479522DA66DD08BAAB9B /* libPods-NoName.a in Frameworks */,
			);
			runOnlyForDeploymentPostprocessing = 0;
		};
		1CA93B4B21805C0100472E9A /* Frameworks */ = {
			isa = PBXFrameworksBuildPhase;
			buildActionMask = 2147483647;
			files = (
				30F2D98E5F2C327D36E5823C /* libPods-NoNameTests.a in Frameworks */,
			);
			runOnlyForDeploymentPostprocessing = 0;
		};
		1CA93B5621805C0100472E9A /* Frameworks */ = {
			isa = PBXFrameworksBuildPhase;
			buildActionMask = 2147483647;
			files = (
				94665943CFAC0AF6515B6D48 /* libPods-NoNameUITests.a in Frameworks */,
			);
			runOnlyForDeploymentPostprocessing = 0;
		};
/* End PBXFrameworksBuildPhase section */

/* Begin PBXGroup section */
		03066B8ECF525EC74E73288F /* Frameworks */ = {
			isa = PBXGroup;
			children = (
				B6B4FABAC5079AE51456F050 /* libPods-NoName.a */,
				5CA82CC9F0FAF3E5E0CD5C40 /* libPods-NoNameTests.a */,
				6F9F2019F5DE486493AF4B09 /* libPods-NoNameUITests.a */,
			);
			name = Frameworks;
			sourceTree = "<group>";
		};
		1CA93B2D21805BFF00472E9A = {
			isa = PBXGroup;
			children = (
				1CA93B3821805BFF00472E9A /* NoName */,
				1CA93B5121805C0100472E9A /* NoNameTests */,
				1CA93B5C21805C0100472E9A /* NoNameUITests */,
				1CA93B3721805BFF00472E9A /* Products */,
				4775F5B846435E775B47CE5D /* Pods */,
				03066B8ECF525EC74E73288F /* Frameworks */,
			);
			sourceTree = "<group>";
		};
		1CA93B3721805BFF00472E9A /* Products */ = {
			isa = PBXGroup;
			children = (
				1CA93B3621805BFF00472E9A /* NoName.app */,
				1CA93B4E21805C0100472E9A /* NoNameTests.xctest */,
				1CA93B5921805C0100472E9A /* NoNameUITests.xctest */,
			);
			name = Products;
			sourceTree = "<group>";
		};
		1CA93B3821805BFF00472E9A /* NoName */ = {
			isa = PBXGroup;
			children = (
				1CA93B932182ECDE00472E9A /* NoName-PrefixHeader.pch */,
				1CA93B6C2180624D00472E9A /* Expand */,
				1CA93B6B2180624D00472E9A /* Module */,
				1CA93B3921805BFF00472E9A /* AppDelegate.h */,
				1CA93B3A21805BFF00472E9A /* AppDelegate.m */,
				1CA93B3C21805BFF00472E9A /* ViewController.h */,
				1CA93B3D21805BFF00472E9A /* ViewController.m */,
				1CA93B3F21805BFF00472E9A /* Main.storyboard */,
				1CA93B4221805C0000472E9A /* Assets.xcassets */,
				1CA93B4421805C0100472E9A /* LaunchScreen.storyboard */,
				1CA93B4721805C0100472E9A /* Info.plist */,
				1CA93B4821805C0100472E9A /* main.m */,
			);
			path = NoName;
			sourceTree = "<group>";
		};
		1CA93B5121805C0100472E9A /* NoNameTests */ = {
			isa = PBXGroup;
			children = (
				1CA93B5221805C0100472E9A /* NoNameTests.m */,
				1CA93B5421805C0100472E9A /* Info.plist */,
			);
			path = NoNameTests;
			sourceTree = "<group>";
		};
		1CA93B5C21805C0100472E9A /* NoNameUITests */ = {
			isa = PBXGroup;
			children = (
				1CA93B5D21805C0100472E9A /* NoNameUITests.m */,
				1CA93B5F21805C0100472E9A /* Info.plist */,
			);
			path = NoNameUITests;
			sourceTree = "<group>";
		};
		1CA93B6B2180624D00472E9A /* Module */ = {
			isa = PBXGroup;
			children = (
				1CA93B7D2182BEB600472E9A /* Chat */,
				1CA93B7C2182BEB600472E9A /* Shop */,
				1CA93B762182BDD800472E9A /* Mine */,
				1CA93B772182BDD800472E9A /* Video */,
				1CA93B702180632300472E9A /* Base */,
			);
			path = Module;
			sourceTree = "<group>";
		};
		1CA93B6C2180624D00472E9A /* Expand */ = {
			isa = PBXGroup;
			children = (
				1CA93B6D2180624D00472E9A /* Category */,
				1CA93B6E2180624D00472E9A /* Macro */,
				1CA93B6F2180624D00472E9A /* Tool */,
			);
			path = Expand;
			sourceTree = "<group>";
		};
		1CA93B6D2180624D00472E9A /* Category */ = {
			isa = PBXGroup;
			children = (
			);
			path = Category;
			sourceTree = "<group>";
		};
		1CA93B6E2180624D00472E9A /* Macro */ = {
			isa = PBXGroup;
			children = (
				1CA93B912182E7C600472E9A /* UIMacro.h */,
				1CA93B922182E92E00472E9A /* CommonMacro.h */,
			);
			path = Macro;
			sourceTree = "<group>";
		};
		1CA93B6F2180624D00472E9A /* Tool */ = {
			isa = PBXGroup;
			children = (
			);
			path = Tool;
			sourceTree = "<group>";
		};
		1CA93B702180632300472E9A /* Base */ = {
			isa = PBXGroup;
			children = (
				1CA93B962183110C00472E9A /* NNModel */,
				1CA93B942183110B00472E9A /* NNRequest */,
				1CA93B952183110C00472E9A /* NNTableView */,
				1CA93B8A2182C01300472E9A /* TabbarVC */,
				1CA93B782182BE2600472E9A /* BaseNav */,
				1CA93B71218063D400472E9A /* BaseVC */,
			);
			path = Base;
			sourceTree = "<group>";
		};
		1CA93B71218063D400472E9A /* BaseVC */ = {
			isa = PBXGroup;
			children = (
				1CA93B72218063F600472E9A /* BaseViewController.h */,
				1CA93B73218063F600472E9A /* BaseViewController.m */,
			);
			path = BaseVC;
			sourceTree = "<group>";
		};
		1CA93B762182BDD800472E9A /* Mine */ = {
			isa = PBXGroup;
			children = (
				1CA93B842182BF1300472E9A /* NNMineVC.h */,
				1CA93B852182BF1300472E9A /* NNMineVC.m */,
			);
			path = Mine;
			sourceTree = "<group>";
		};
		1CA93B772182BDD800472E9A /* Video */ = {
			isa = PBXGroup;
			children = (
				1CA93B812182BF0300472E9A /* NNVideoVC.h */,
				1CA93B822182BF0300472E9A /* NNVideoVC.m */,
			);
			path = Video;
			sourceTree = "<group>";
		};
		1CA93B782182BE2600472E9A /* BaseNav */ = {
			isa = PBXGroup;
			children = (
				1CA93B792182BE6200472E9A /* BaseNavVC.h */,
				1CA93B7A2182BE6200472E9A /* BaseNavVC.m */,
			);
			path = BaseNav;
			sourceTree = "<group>";
		};
		1CA93B7C2182BEB600472E9A /* Shop */ = {
			isa = PBXGroup;
			children = (
				1CA93B7E2182BEEC00472E9A /* NNShopVC.h */,
				1CA93B7F2182BEEC00472E9A /* NNShopVC.m */,
			);
			path = Shop;
			sourceTree = "<group>";
		};
		1CA93B7D2182BEB600472E9A /* Chat */ = {
			isa = PBXGroup;
			children = (
				1CA93B872182BF2300472E9A /* NNChatVC.h */,
				1CA93B882182BF2300472E9A /* NNChatVC.m */,
			);
			path = Chat;
			sourceTree = "<group>";
		};
		1CA93B8A2182C01300472E9A /* TabbarVC */ = {
			isa = PBXGroup;
			children = (
				1CA93B8E2182C3AC00472E9A /* NNRDVTabbarVC.h */,
				1CA93B8F2182C3AC00472E9A /* NNRDVTabbarVC.m */,
			);
			path = TabbarVC;
			sourceTree = "<group>";
		};
		1CA93B942183110B00472E9A /* NNRequest */ = {
			isa = PBXGroup;
			children = (
				1CA93B972183112700472E9A /* NNRequest.h */,
				1CA93B982183112700472E9A /* NNRequest.m */,
			);
			path = NNRequest;
			sourceTree = "<group>";
		};
		1CA93B952183110C00472E9A /* NNTableView */ = {
			isa = PBXGroup;
			children = (
				1CA93B9A2183116700472E9A /* NNTableViewController.h */,
				1CA93B9B2183116700472E9A /* NNTableViewController.m */,
				1CA93B9D2183168E00472E9A /* NNTableViewCell.h */,
				1CA93B9E2183168E00472E9A /* NNTableViewCell.m */,
			);
			path = NNTableView;
			sourceTree = "<group>";
		};
		1CA93B962183110C00472E9A /* NNModel */ = {
			isa = PBXGroup;
			children = (
			);
			path = NNModel;
			sourceTree = "<group>";
		};
		4775F5B846435E775B47CE5D /* Pods */ = {
			isa = PBXGroup;
			children = (
				28687B49C1DDF79779CD9D59 /* Pods-NoName.debug.xcconfig */,
				990E63E0A8F636668D3D3239 /* Pods-NoName.release.xcconfig */,
				149B0955CF3400E025035A01 /* Pods-NoNameTests.debug.xcconfig */,
				6A9D1179F478FA8033EFEAA3 /* Pods-NoNameTests.release.xcconfig */,
				0A05CECC075D1664BFD927FA /* Pods-NoNameUITests.debug.xcconfig */,
				B9A907C740C847CBEB37F48B /* Pods-NoNameUITests.release.xcconfig */,
			);
			name = Pods;
			sourceTree = "<group>";
		};
/* End PBXGroup section */

/* Begin PBXNativeTarget section */
		1CA93B3521805BFF00472E9A /* NoName */ = {
			isa = PBXNativeTarget;
			buildConfigurationList = 1CA93B6221805C0100472E9A /* Build configuration list for PBXNativeTarget "NoName" */;
			buildPhases = (
				C16DB1139873AAEA985AAFC7 /* [CP] Check Pods Manifest.lock */,
				1CA93B3221805BFF00472E9A /* Sources */,
				1CA93B3321805BFF00472E9A /* Frameworks */,
				1CA93B3421805BFF00472E9A /* Resources */,
			);
			buildRules = (
			);
			dependencies = (
			);
			name = NoName;
			productName = NoName;
			productReference = 1CA93B3621805BFF00472E9A /* NoName.app */;
			productType = "com.apple.product-type.application";
		};
		1CA93B4D21805C0100472E9A /* NoNameTests */ = {
			isa = PBXNativeTarget;
			buildConfigurationList = 1CA93B6521805C0100472E9A /* Build configuration list for PBXNativeTarget "NoNameTests" */;
			buildPhases = (
				CC1E4AECCDC9E455C0976787 /* [CP] Check Pods Manifest.lock */,
				1CA93B4A21805C0100472E9A /* Sources */,
				1CA93B4B21805C0100472E9A /* Frameworks */,
				1CA93B4C21805C0100472E9A /* Resources */,
			);
			buildRules = (
			);
			dependencies = (
				1CA93B5021805C0100472E9A /* PBXTargetDependency */,
			);
			name = NoNameTests;
			productName = NoNameTests;
			productReference = 1CA93B4E21805C0100472E9A /* NoNameTests.xctest */;
			productType = "com.apple.product-type.bundle.unit-test";
		};
		1CA93B5821805C0100472E9A /* NoNameUITests */ = {
			isa = PBXNativeTarget;
			buildConfigurationList = 1CA93B6821805C0100472E9A /* Build configuration list for PBXNativeTarget "NoNameUITests" */;
			buildPhases = (
				E83F0D9FBF38E7FD86E8F1E6 /* [CP] Check Pods Manifest.lock */,
				1CA93B5521805C0100472E9A /* Sources */,
				1CA93B5621805C0100472E9A /* Frameworks */,
				1CA93B5721805C0100472E9A /* Resources */,
			);
			buildRules = (
			);
			dependencies = (
				1CA93B5B21805C0100472E9A /* PBXTargetDependency */,
			);
			name = NoNameUITests;
			productName = NoNameUITests;
			productReference = 1CA93B5921805C0100472E9A /* NoNameUITests.xctest */;
			productType = "com.apple.product-type.bundle.ui-testing";
		};
/* End PBXNativeTarget section */

/* Begin PBXProject section */
		1CA93B2E21805BFF00472E9A /* Project object */ = {
			isa = PBXProject;
			attributes = {
				LastUpgradeCheck = 1000;
				ORGANIZATIONNAME = Danish;
				TargetAttributes = {
					1CA93B3521805BFF00472E9A = {
						CreatedOnToolsVersion = 10.0;
					};
					1CA93B4D21805C0100472E9A = {
						CreatedOnToolsVersion = 10.0;
						TestTargetID = 1CA93B3521805BFF00472E9A;
					};
					1CA93B5821805C0100472E9A = {
						CreatedOnToolsVersion = 10.0;
						TestTargetID = 1CA93B3521805BFF00472E9A;
					};
				};
			};
			buildConfigurationList = 1CA93B3121805BFF00472E9A /* Build configuration list for PBXProject "NoName" */;
			compatibilityVersion = "Xcode 9.3";
			developmentRegion = en;
			hasScannedForEncodings = 0;
			knownRegions = (
				en,
				Base,
			);
			mainGroup = 1CA93B2D21805BFF00472E9A;
			productRefGroup = 1CA93B3721805BFF00472E9A /* Products */;
			projectDirPath = "";
			projectRoot = "";
			targets = (
				1CA93B3521805BFF00472E9A /* NoName */,
				1CA93B4D21805C0100472E9A /* NoNameTests */,
				1CA93B5821805C0100472E9A /* NoNameUITests */,
			);
		};
/* End PBXProject section */

/* Begin PBXResourcesBuildPhase section */
		1CA93B3421805BFF00472E9A /* Resources */ = {
			isa = PBXResourcesBuildPhase;
			buildActionMask = 2147483647;
			files = (
				1CA93B4621805C0100472E9A /* LaunchScreen.storyboard in Resources */,
				1CA93B4321805C0100472E9A /* Assets.xcassets in Resources */,
				1CA93B4121805BFF00472E9A /* Main.storyboard in Resources */,
			);
			runOnlyForDeploymentPostprocessing = 0;
		};
		1CA93B4C21805C0100472E9A /* Resources */ = {
			isa = PBXResourcesBuildPhase;
			buildActionMask = 2147483647;
			files = (
			);
			runOnlyForDeploymentPostprocessing = 0;
		};
		1CA93B5721805C0100472E9A /* Resources */ = {
			isa = PBXResourcesBuildPhase;
			buildActionMask = 2147483647;
			files = (
			);
			runOnlyForDeploymentPostprocessing = 0;
		};
/* End PBXResourcesBuildPhase section */

/* Begin PBXShellScriptBuildPhase section */
		C16DB1139873AAEA985AAFC7 /* [CP] Check Pods Manifest.lock */ = {
			isa = PBXShellScriptBuildPhase;
			buildActionMask = 2147483647;
			files = (
			);
			inputFileListPaths = (
			);
			inputPaths = (
				"${PODS_PODFILE_DIR_PATH}/Podfile.lock",
				"${PODS_ROOT}/Manifest.lock",
			);
			name = "[CP] Check Pods Manifest.lock";
			outputFileListPaths = (
			);
			outputPaths = (
				"$(DERIVED_FILE_DIR)/Pods-NoName-checkManifestLockResult.txt",
			);
			runOnlyForDeploymentPostprocessing = 0;
			shellPath = /bin/sh;
			shellScript = "diff \"${PODS_PODFILE_DIR_PATH}/Podfile.lock\" \"${PODS_ROOT}/Manifest.lock\" > /dev/null\nif [ $? != 0 ] ; then\n    # print error to STDERR\n    echo \"error: The sandbox is not in sync with the Podfile.lock. Run 'pod install' or update your CocoaPods installation.\" >&2\n    exit 1\nfi\n# This output is used by Xcode 'outputs' to avoid re-running this script phase.\necho \"SUCCESS\" > \"${SCRIPT_OUTPUT_FILE_0}\"\n";
			showEnvVarsInLog = 0;
		};
		CC1E4AECCDC9E455C0976787 /* [CP] Check Pods Manifest.lock */ = {
			isa = PBXShellScriptBuildPhase;
			buildActionMask = 2147483647;
			files = (
			);
			inputFileListPaths = (
			);
			inputPaths = (
				"${PODS_PODFILE_DIR_PATH}/Podfile.lock",
				"${PODS_ROOT}/Manifest.lock",
			);
			name = "[CP] Check Pods Manifest.lock";
			outputFileListPaths = (
			);
			outputPaths = (
				"$(DERIVED_FILE_DIR)/Pods-NoNameTests-checkManifestLockResult.txt",
			);
			runOnlyForDeploymentPostprocessing = 0;
			shellPath = /bin/sh;
			shellScript = "diff \"${PODS_PODFILE_DIR_PATH}/Podfile.lock\" \"${PODS_ROOT}/Manifest.lock\" > /dev/null\nif [ $? != 0 ] ; then\n    # print error to STDERR\n    echo \"error: The sandbox is not in sync with the Podfile.lock. Run 'pod install' or update your CocoaPods installation.\" >&2\n    exit 1\nfi\n# This output is used by Xcode 'outputs' to avoid re-running this script phase.\necho \"SUCCESS\" > \"${SCRIPT_OUTPUT_FILE_0}\"\n";
			showEnvVarsInLog = 0;
		};
		E83F0D9FBF38E7FD86E8F1E6 /* [CP] Check Pods Manifest.lock */ = {
			isa = PBXShellScriptBuildPhase;
			buildActionMask = 2147483647;
			files = (
			);
			inputFileListPaths = (
			);
			inputPaths = (
				"${PODS_PODFILE_DIR_PATH}/Podfile.lock",
				"${PODS_ROOT}/Manifest.lock",
			);
			name = "[CP] Check Pods Manifest.lock";
			outputFileListPaths = (
			);
			outputPaths = (
				"$(DERIVED_FILE_DIR)/Pods-NoNameUITests-checkManifestLockResult.txt",
			);
			runOnlyForDeploymentPostprocessing = 0;
			shellPath = /bin/sh;
			shellScript = "diff \"${PODS_PODFILE_DIR_PATH}/Podfile.lock\" \"${PODS_ROOT}/Manifest.lock\" > /dev/null\nif [ $? != 0 ] ; then\n    # print error to STDERR\n    echo \"error: The sandbox is not in sync with the Podfile.lock. Run 'pod install' or update your CocoaPods installation.\" >&2\n    exit 1\nfi\n# This output is used by Xcode 'outputs' to avoid re-running this script phase.\necho \"SUCCESS\" > \"${SCRIPT_OUTPUT_FILE_0}\"\n";
			showEnvVarsInLog = 0;
		};
/* End PBXShellScriptBuildPhase section */

/* Begin PBXSourcesBuildPhase section */
		1CA93B3221805BFF00472E9A /* Sources */ = {
			isa = PBXSourcesBuildPhase;
			buildActionMask = 2147483647;
			files = (
				1CA93B3E21805BFF00472E9A /* ViewController.m in Sources */,
				1CA93B9F2183168E00472E9A /* NNTableViewCell.m in Sources */,
				1CA93B902182C3AC00472E9A /* NNRDVTabbarVC.m in Sources */,
				1CA93B74218063F600472E9A /* BaseViewController.m in Sources */,
				1CA93B4921805C0100472E9A /* main.m in Sources */,
				1CA93B992183112700472E9A /* NNRequest.m in Sources */,
				1CA93B862182BF1300472E9A /* NNMineVC.m in Sources */,
				1CA93B7B2182BE6200472E9A /* BaseNavVC.m in Sources */,
				1CA93B832182BF0300472E9A /* NNVideoVC.m in Sources */,
				1CA93B802182BEEC00472E9A /* NNShopVC.m in Sources */,
				1CA93B9C2183116700472E9A /* NNTableViewController.m in Sources */,
				1CA93B3B21805BFF00472E9A /* AppDelegate.m in Sources */,
				1CA93B892182BF2300472E9A /* NNChatVC.m in Sources */,
			);
			runOnlyForDeploymentPostprocessing = 0;
		};
		1CA93B4A21805C0100472E9A /* Sources */ = {
			isa = PBXSourcesBuildPhase;
			buildActionMask = 2147483647;
			files = (
				1CA93B5321805C0100472E9A /* NoNameTests.m in Sources */,
			);
			runOnlyForDeploymentPostprocessing = 0;
		};
		1CA93B5521805C0100472E9A /* Sources */ = {
			isa = PBXSourcesBuildPhase;
			buildActionMask = 2147483647;
			files = (
				1CA93B5E21805C0100472E9A /* NoNameUITests.m in Sources */,
			);
			runOnlyForDeploymentPostprocessing = 0;
		};
/* End PBXSourcesBuildPhase section */

/* Begin PBXTargetDependency section */
		1CA93B5021805C0100472E9A /* PBXTargetDependency */ = {
			isa = PBXTargetDependency;
			target = 1CA93B3521805BFF00472E9A /* NoName */;
			targetProxy = 1CA93B4F21805C0100472E9A /* PBXContainerItemProxy */;
		};
		1CA93B5B21805C0100472E9A /* PBXTargetDependency */ = {
			isa = PBXTargetDependency;
			target = 1CA93B3521805BFF00472E9A /* NoName */;
			targetProxy = 1CA93B5A21805C0100472E9A /* PBXContainerItemProxy */;
		};
/* End PBXTargetDependency section */

/* Begin PBXVariantGroup section */
		1CA93B3F21805BFF00472E9A /* Main.storyboard */ = {
			isa = PBXVariantGroup;
			children = (
				1CA93B4021805BFF00472E9A /* Base */,
			);
			name = Main.storyboard;
			sourceTree = "<group>";
		};
		1CA93B4421805C0100472E9A /* LaunchScreen.storyboard */ = {
			isa = PBXVariantGroup;
			children = (
				1CA93B4521805C0100472E9A /* Base */,
			);
			name = LaunchScreen.storyboard;
			sourceTree = "<group>";
		};
/* End PBXVariantGroup section */

/* Begin XCBuildConfiguration section */
		1CA93B6021805C0100472E9A /* Debug */ = {
			isa = XCBuildConfiguration;
			buildSettings = {
				ALWAYS_SEARCH_USER_PATHS = NO;
				CLANG_ANALYZER_NONNULL = YES;
				CLANG_ANALYZER_NUMBER_OBJECT_CONVERSION = YES_AGGRESSIVE;
				CLANG_CXX_LANGUAGE_STANDARD = "gnu++14";
				CLANG_CXX_LIBRARY = "libc++";
				CLANG_ENABLE_MODULES = YES;
				CLANG_ENABLE_OBJC_ARC = YES;
				CLANG_ENABLE_OBJC_WEAK = YES;
				CLANG_WARN_BLOCK_CAPTURE_AUTORELEASING = YES;
				CLANG_WARN_BOOL_CONVERSION = YES;
				CLANG_WARN_COMMA = YES;
				CLANG_WARN_CONSTANT_CONVERSION = YES;
				CLANG_WARN_DEPRECATED_OBJC_IMPLEMENTATIONS = YES;
				CLANG_WARN_DIRECT_OBJC_ISA_USAGE = YES_ERROR;
				CLANG_WARN_DOCUMENTATION_COMMENTS = YES;
				CLANG_WARN_EMPTY_BODY = YES;
				CLANG_WARN_ENUM_CONVERSION = YES;
				CLANG_WARN_INFINITE_RECURSION = YES;
				CLANG_WARN_INT_CONVERSION = YES;
				CLANG_WARN_NON_LITERAL_NULL_CONVERSION = YES;
				CLANG_WARN_OBJC_IMPLICIT_RETAIN_SELF = YES;
				CLANG_WARN_OBJC_LITERAL_CONVERSION = YES;
				CLANG_WARN_OBJC_ROOT_CLASS = YES_ERROR;
				CLANG_WARN_RANGE_LOOP_ANALYSIS = YES;
				CLANG_WARN_STRICT_PROTOTYPES = YES;
				CLANG_WARN_SUSPICIOUS_MOVE = YES;
				CLANG_WARN_UNGUARDED_AVAILABILITY = YES_AGGRESSIVE;
				CLANG_WARN_UNREACHABLE_CODE = YES;
				CLANG_WARN__DUPLICATE_METHOD_MATCH = YES;
				CODE_SIGN_IDENTITY = "iPhone Developer";
				COPY_PHASE_STRIP = NO;
				DEBUG_INFORMATION_FORMAT = dwarf;
				ENABLE_STRICT_OBJC_MSGSEND = YES;
				ENABLE_TESTABILITY = YES;
				GCC_C_LANGUAGE_STANDARD = gnu11;
				GCC_DYNAMIC_NO_PIC = NO;
				GCC_NO_COMMON_BLOCKS = YES;
				GCC_OPTIMIZATION_LEVEL = 0;
				GCC_PRECOMPILE_PREFIX_HEADER = YES;
				GCC_PREFIX_HEADER = "NoName/NoName-PrefixHeader.pch";
				GCC_PREPROCESSOR_DEFINITIONS = (
					"DEBUG=1",
					"$(inherited)",
				);
				GCC_WARN_64_TO_32_BIT_CONVERSION = YES;
				GCC_WARN_ABOUT_RETURN_TYPE = YES_ERROR;
				GCC_WARN_UNDECLARED_SELECTOR = YES;
				GCC_WARN_UNINITIALIZED_AUTOS = YES_AGGRESSIVE;
				GCC_WARN_UNUSED_FUNCTION = YES;
				GCC_WARN_UNUSED_VARIABLE = YES;
				IPHONEOS_DEPLOYMENT_TARGET = 12.0;
				MTL_ENABLE_DEBUG_INFO = INCLUDE_SOURCE;
				MTL_FAST_MATH = YES;
				ONLY_ACTIVE_ARCH = YES;
				SDKROOT = iphoneos;
			};
			name = Debug;
		};
		1CA93B6121805C0100472E9A /* Release */ = {
			isa = XCBuildConfiguration;
			buildSettings = {
				ALWAYS_SEARCH_USER_PATHS = NO;
				CLANG_ANALYZER_NONNULL = YES;
				CLANG_ANALYZER_NUMBER_OBJECT_CONVERSION = YES_AGGRESSIVE;
				CLANG_CXX_LANGUAGE_STANDARD = "gnu++14";
				CLANG_CXX_LIBRARY = "libc++";
				CLANG_ENABLE_MODULES = YES;
				CLANG_ENABLE_OBJC_ARC = YES;
				CLANG_ENABLE_OBJC_WEAK = YES;
				CLANG_WARN_BLOCK_CAPTURE_AUTORELEASING = YES;
				CLANG_WARN_BOOL_CONVERSION = YES;
				CLANG_WARN_COMMA = YES;
				CLANG_WARN_CONSTANT_CONVERSION = YES;
				CLANG_WARN_DEPRECATED_OBJC_IMPLEMENTATIONS = YES;
				CLANG_WARN_DIRECT_OBJC_ISA_USAGE = YES_ERROR;
				CLANG_WARN_DOCUMENTATION_COMMENTS = YES;
				CLANG_WARN_EMPTY_BODY = YES;
				CLANG_WARN_ENUM_CONVERSION = YES;
				CLANG_WARN_INFINITE_RECURSION = YES;
				CLANG_WARN_INT_CONVERSION = YES;
				CLANG_WARN_NON_LITERAL_NULL_CONVERSION = YES;
				CLANG_WARN_OBJC_IMPLICIT_RETAIN_SELF = YES;
				CLANG_WARN_OBJC_LITERAL_CONVERSION = YES;
				CLANG_WARN_OBJC_ROOT_CLASS = YES_ERROR;
				CLANG_WARN_RANGE_LOOP_ANALYSIS = YES;
				CLANG_WARN_STRICT_PROTOTYPES = YES;
				CLANG_WARN_SUSPICIOUS_MOVE = YES;
				CLANG_WARN_UNGUARDED_AVAILABILITY = YES_AGGRESSIVE;
				CLANG_WARN_UNREACHABLE_CODE = YES;
				CLANG_WARN__DUPLICATE_METHOD_MATCH = YES;
				CODE_SIGN_IDENTITY = "iPhone Developer";
				COPY_PHASE_STRIP = NO;
				DEBUG_INFORMATION_FORMAT = "dwarf-with-dsym";
				ENABLE_NS_ASSERTIONS = NO;
				ENABLE_STRICT_OBJC_MSGSEND = YES;
				GCC_C_LANGUAGE_STANDARD = gnu11;
				GCC_NO_COMMON_BLOCKS = YES;
				GCC_PRECOMPILE_PREFIX_HEADER = YES;
				GCC_PREFIX_HEADER = "NoName/NoName-PrefixHeader.pch";
				GCC_WARN_64_TO_32_BIT_CONVERSION = YES;
				GCC_WARN_ABOUT_RETURN_TYPE = YES_ERROR;
				GCC_WARN_UNDECLARED_SELECTOR = YES;
				GCC_WARN_UNINITIALIZED_AUTOS = YES_AGGRESSIVE;
				GCC_WARN_UNUSED_FUNCTION = YES;
				GCC_WARN_UNUSED_VARIABLE = YES;
				IPHONEOS_DEPLOYMENT_TARGET = 12.0;
				MTL_ENABLE_DEBUG_INFO = NO;
				MTL_FAST_MATH = YES;
				SDKROOT = iphoneos;
				VALIDATE_PRODUCT = YES;
			};
			name = Release;
		};
		1CA93B6321805C0100472E9A /* Debug */ = {
			isa = XCBuildConfiguration;
			baseConfigurationReference = 28687B49C1DDF79779CD9D59 /* Pods-NoName.debug.xcconfig */;
			buildSettings = {
				ASSETCATALOG_COMPILER_APPICON_NAME = AppIcon;
				CODE_SIGN_STYLE = Automatic;
				INFOPLIST_FILE = NoName/Info.plist;
				LD_RUNPATH_SEARCH_PATHS = (
					"$(inherited)",
					"@executable_path/Frameworks",
				);
				PRODUCT_BUNDLE_IDENTIFIER = Danish.Yin.NoName;
				PRODUCT_NAME = "$(TARGET_NAME)";
				TARGETED_DEVICE_FAMILY = "1,2";
			};
			name = Debug;
		};
		1CA93B6421805C0100472E9A /* Release */ = {
			isa = XCBuildConfiguration;
			baseConfigurationReference = 990E63E0A8F636668D3D3239 /* Pods-NoName.release.xcconfig */;
			buildSettings = {
				ASSETCATALOG_COMPILER_APPICON_NAME = AppIcon;
				CODE_SIGN_STYLE = Automatic;
				INFOPLIST_FILE = NoName/Info.plist;
				LD_RUNPATH_SEARCH_PATHS = (
					"$(inherited)",
					"@executable_path/Frameworks",
				);
				PRODUCT_BUNDLE_IDENTIFIER = Danish.Yin.NoName;
				PRODUCT_NAME = "$(TARGET_NAME)";
				TARGETED_DEVICE_FAMILY = "1,2";
			};
			name = Release;
		};
		1CA93B6621805C0100472E9A /* Debug */ = {
			isa = XCBuildConfiguration;
			baseConfigurationReference = 149B0955CF3400E025035A01 /* Pods-NoNameTests.debug.xcconfig */;
			buildSettings = {
				BUNDLE_LOADER = "$(TEST_HOST)";
				CODE_SIGN_STYLE = Automatic;
				INFOPLIST_FILE = NoNameTests/Info.plist;
				LD_RUNPATH_SEARCH_PATHS = (
					"$(inherited)",
					"@executable_path/Frameworks",
					"@loader_path/Frameworks",
				);
				PRODUCT_BUNDLE_IDENTIFIER = Danish.Yin.NoNameTests;
				PRODUCT_NAME = "$(TARGET_NAME)";
				TARGETED_DEVICE_FAMILY = "1,2";
				TEST_HOST = "$(BUILT_PRODUCTS_DIR)/NoName.app/NoName";
			};
			name = Debug;
		};
		1CA93B6721805C0100472E9A /* Release */ = {
			isa = XCBuildConfiguration;
			baseConfigurationReference = 6A9D1179F478FA8033EFEAA3 /* Pods-NoNameTests.release.xcconfig */;
			buildSettings = {
				BUNDLE_LOADER = "$(TEST_HOST)";
				CODE_SIGN_STYLE = Automatic;
				INFOPLIST_FILE = NoNameTests/Info.plist;
				LD_RUNPATH_SEARCH_PATHS = (
					"$(inherited)",
					"@executable_path/Frameworks",
					"@loader_path/Frameworks",
				);
				PRODUCT_BUNDLE_IDENTIFIER = Danish.Yin.NoNameTests;
				PRODUCT_NAME = "$(TARGET_NAME)";
				TARGETED_DEVICE_FAMILY = "1,2";
				TEST_HOST = "$(BUILT_PRODUCTS_DIR)/NoName.app/NoName";
			};
			name = Release;
		};
		1CA93B6921805C0100472E9A /* Debug */ = {
			isa = XCBuildConfiguration;
			baseConfigurationReference = 0A05CECC075D1664BFD927FA /* Pods-NoNameUITests.debug.xcconfig */;
			buildSettings = {
				CODE_SIGN_STYLE = Automatic;
				INFOPLIST_FILE = NoNameUITests/Info.plist;
				LD_RUNPATH_SEARCH_PATHS = (
					"$(inherited)",
					"@executable_path/Frameworks",
					"@loader_path/Frameworks",
				);
				PRODUCT_BUNDLE_IDENTIFIER = Danish.Yin.NoNameUITests;
				PRODUCT_NAME = "$(TARGET_NAME)";
				TARGETED_DEVICE_FAMILY = "1,2";
				TEST_TARGET_NAME = NoName;
			};
			name = Debug;
		};
		1CA93B6A21805C0100472E9A /* Release */ = {
			isa = XCBuildConfiguration;
			baseConfigurationReference = B9A907C740C847CBEB37F48B /* Pods-NoNameUITests.release.xcconfig */;
			buildSettings = {
				CODE_SIGN_STYLE = Automatic;
				INFOPLIST_FILE = NoNameUITests/Info.plist;
				LD_RUNPATH_SEARCH_PATHS = (
					"$(inherited)",
					"@executable_path/Frameworks",
					"@loader_path/Frameworks",
				);
				PRODUCT_BUNDLE_IDENTIFIER = Danish.Yin.NoNameUITests;
				PRODUCT_NAME = "$(TARGET_NAME)";
				TARGETED_DEVICE_FAMILY = "1,2";
				TEST_TARGET_NAME = NoName;
			};
			name = Release;
		};
/* End XCBuildConfiguration section */

/* Begin XCConfigurationList section */
		1CA93B3121805BFF00472E9A /* Build configuration list for PBXProject "NoName" */ = {
			isa = XCConfigurationList;
			buildConfigurations = (
				1CA93B6021805C0100472E9A /* Debug */,
				1CA93B6121805C0100472E9A /* Release */,
			);
			defaultConfigurationIsVisible = 0;
			defaultConfigurationName = Release;
		};
		1CA93B6221805C0100472E9A /* Build configuration list for PBXNativeTarget "NoName" */ = {
			isa = XCConfigurationList;
			buildConfigurations = (
				1CA93B6321805C0100472E9A /* Debug */,
				1CA93B6421805C0100472E9A /* Release */,
			);
			defaultConfigurationIsVisible = 0;
			defaultConfigurationName = Release;
		};
		1CA93B6521805C0100472E9A /* Build configuration list for PBXNativeTarget "NoNameTests" */ = {
			isa = XCConfigurationList;
			buildConfigurations = (
				1CA93B6621805C0100472E9A /* Debug */,
				1CA93B6721805C0100472E9A /* Release */,
			);
			defaultConfigurationIsVisible = 0;
			defaultConfigurationName = Release;
		};
		1CA93B6821805C0100472E9A /* Build configuration list for PBXNativeTarget "NoNameUITests" */ = {
			isa = XCConfigurationList;
			buildConfigurations = (
				1CA93B6921805C0100472E9A /* Debug */,
				1CA93B6A21805C0100472E9A /* Release */,
			);
			defaultConfigurationIsVisible = 0;
			defaultConfigurationName = Release;
		};
/* End XCConfigurationList section */
	};
	rootObject = 1CA93B2E21805BFF00472E9A /* Project object */;
}
